version = 1
requires-python = ">=3.12"

[[package]]
name = "dash7"
version = "0.1.0"
source = { editable = "." }

[package.dev-dependencies]
dev = [
    { name = "uniffi-bindgen" },
]

[package.metadata]

[package.metadata.requires-dev]
dev = [{ name = "uniffi-bindgen", specifier = ">=0.28.3" }]

[[package]]
name = "uniffi-bindgen"
version = "0.28.3"
source = { registry = "https://gitlab.com/api/v4/groups/aloxy/-/packages/pypi/simple" }
sdist = { url = "https://files.pythonhosted.org/packages/4a/0b/8816880fe21723bc38396944c12f89972aeda33b4801978cd5b4256d262d/uniffi_bindgen-0.28.3.tar.gz", hash = "sha256:ea570e50116112710ee0dad59b34f8961673ee1d5097c6cd4923087d12e2a875", size = 5333 }
wheels = [
    { url = "https://files.pythonhosted.org/packages/9d/19/15db733b63ace63ad4df0307f21093339d7b7fd1d207e377a0db9b5d1c33/uniffi_bindgen-0.28.3-py3-none-macosx_10_12_x86_64.whl", hash = "sha256:c8f58dedc2a493d77ed226a3979da1e2b4a1b482cfec21e9ede6c27c5bb6eee4", size = 1855920 },
    { url = "https://files.pythonhosted.org/packages/da/6e/963cbee6165faa4d64c0aed29d12734bb5f78e4034a705379471e5f9dc46/uniffi_bindgen-0.28.3-py3-none-macosx_11_0_arm64.whl", hash = "sha256:bfe8b72f5864d97d94f6efbe750e5cadbc59e7053c6af19defa6ceebb7513da0", size = 1795327 },
    { url = "https://files.pythonhosted.org/packages/84/68/fbdacc91d37b4e75c76784fb01117f2fab7ee0feb52b2002a991fdacae03/uniffi_bindgen-0.28.3-py3-none-manylinux_2_17_aarch64.manylinux2014_aarch64.whl", hash = "sha256:cd85d013aa9997ba4a120e1f89a4fbb2d72b366a916ca0537fb23b1f4b4b3395", size = 1908573 },
    { url = "https://files.pythonhosted.org/packages/e0/b4/29fff5975a1bbe51eee12f77d0925e3b4ff155ceb20df3c4a7b12c981bd2/uniffi_bindgen-0.28.3-py3-none-manylinux_2_17_i686.manylinux2014_i686.whl", hash = "sha256:b3dd592b4223f14113432b07e24c2dfa35837d55ba55dd3012fd9c57ffdc2197", size = 2113638 },
    { url = "https://files.pythonhosted.org/packages/91/da/33e97ac04f91a56382513701da1c0aaeb94122ba0c2651e34ecf8d133b34/uniffi_bindgen-0.28.3-py3-none-manylinux_2_17_x86_64.manylinux2014_x86_64.whl", hash = "sha256:5184bd5647b35e799ac77a924d60dce6d92535e8d2d89f7af9a8d46992d2432a", size = 1971083 },
    { url = "https://files.pythonhosted.org/packages/1e/7e/add3b63e9a5211cd7397508db4aedc3cff255d4a9f8a726b561ddbecaa9f/uniffi_bindgen-0.28.3-py3-none-win32.whl", hash = "sha256:b6042c28a1d063846661deec88b6a3e7d5d23e9f18fecf1df6e58062d5ad2245", size = 1456140 },
    { url = "https://files.pythonhosted.org/packages/d5/3d/efcc0581c6881d93c0ee9bfe6005c18dbf1e56eb3b40a6a8eabcf0907f6a/uniffi_bindgen-0.28.3-py3-none-win_amd64.whl", hash = "sha256:be35af3af658036051ae60c2f02ed34837688ee75bd7274cd38155f05aec7264", size = 1642445 },
    { url = "https://files.pythonhosted.org/packages/93/9d/e4ef40fb2ecf5552c34155f07e8f611c59f70a81e559d649a01d921421ea/uniffi_bindgen-0.28.3-py3-none-win_arm64.whl", hash = "sha256:45729eb3bffa021c7379fced7ee5babea3ce1ad5a946b9b0c06e041e8028f3c3", size = 1496074 },
]
